
Microsoft Visual Studio Solution File, Format Version 12.00
# Visual Studio 15
VisualStudioVersion = 15.0.28307.421
MinimumVisualStudioVersion = 10.0.40219.1
Project("{9A19103F-16F7-4668-BE54-9A1E7A4F7556}") = "TFL.Sales.Api.Web", "TFL.Sales.Api.Web\TFL.Sales.Api.Web.csproj", "{287359C2-40FE-497B-BBFA-E1F56952BBE6}"
EndProject
Project("{9A19103F-16F7-4668-BE54-9A1E7A4F7556}") = "TFL.Sales.Application", "TFL.Sales.Application\TFL.Sales.Application.csproj", "{95DC783A-BAD7-4907-9FA0-5DA62F385FC6}"
EndProject
Project("{9A19103F-16F7-4668-BE54-9A1E7A4F7556}") = "TFL.Sales.Domain", "TFL.Sales.Domain\TFL.Sales.Domain.csproj", "{A628FDA7-04C6-4676-A431-6275BFE46CC0}"
EndProject
Project("{9A19103F-16F7-4668-BE54-9A1E7A4F7556}") = "TFL.Sales.Specs.Unit", "TFL.Sales.Specs.Unit\TFL.Sales.Specs.Unit.csproj", "{AD14E2AB-4FF3-43D6-BD40-D16C8166B098}"
EndProject
Project("{9A19103F-16F7-4668-BE54-9A1E7A4F7556}") = "TFL.Sales.Infrastructure", "TFL.Sales.Infrastructure\TFL.Sales.Infrastructure.csproj", "{1082B9E9-C806-4997-BB0D-D0977B545199}"
EndProject
Project("{2150E333-8FDC-42A3-9474-1A3956D46DE8}") = "Term", "Term", "{8B541731-6260-475B-A4B7-B97A67D1E46E}"
EndProject
Project("{2150E333-8FDC-42A3-9474-1A3956D46DE8}") = "Whole", "Whole", "{0D4A1D3C-63B6-49BB-BB90-AF6A58A125C8}"
EndProject
Project("{2150E333-8FDC-42A3-9474-1A3956D46DE8}") = "Universal", "Universal", "{167A6F16-E019-4FD9-B9B8-AA2F07460757}"
EndProject
Project("{2150E333-8FDC-42A3-9474-1A3956D46DE8}") = "Annuity", "Annuity", "{94D9E720-AE53-4970-A220-6742A2A94C09}"
EndProject
Project("{FAE04EC0-301F-11D3-BF4B-00C04F79EFBC}") = "TFL.Sales.Term.Application", "TFL.Sales.Term.Application\TFL.Sales.Term.Application.csproj", "{6FB074FD-D429-4A91-9EE2-37D810E0ACFA}"
EndProject
Project("{FAE04EC0-301F-11D3-BF4B-00C04F79EFBC}") = "TFL.Sales.Term.Domain", "TFL.Sales.Term.Domain\TFL.Sales.Term.Domain.csproj", "{FF22E4E4-96DA-4E60-9B15-173FF1010116}"
EndProject
Project("{2150E333-8FDC-42A3-9474-1A3956D46DE8}") = "SharedKernel", "SharedKernel", "{4793F87C-1071-41CB-9DDA-FA363856A05F}"
EndProject
Project("{FAE04EC0-301F-11D3-BF4B-00C04F79EFBC}") = "TFL.Sales.Term.Specs.Unit", "TFL.Sales.Term.Specs.Unit\TFL.Sales.Term.Specs.Unit.csproj", "{B87198A8-A806-40FC-BA6E-239E3543D26A}"
EndProject
Project("{FAE04EC0-301F-11D3-BF4B-00C04F79EFBC}") = "TFL.Sales.Universal.Application", "TFL.Sales.Universal.Application\TFL.Sales.Universal.Application.csproj", "{F1C2C358-27AF-4944-B30E-688321F8367E}"
EndProject
Project("{FAE04EC0-301F-11D3-BF4B-00C04F79EFBC}") = "TFL.Sales.Universal.Domain", "TFL.Sales.Universal.Domain\TFL.Sales.Universal.Domain.csproj", "{5CD9628E-8813-4B9D-8522-AFCA0ECF0204}"
EndProject
Global
	GlobalSection(SolutionConfigurationPlatforms) = preSolution
		Debug|Any CPU = Debug|Any CPU
		Release|Any CPU = Release|Any CPU
	EndGlobalSection
	GlobalSection(ProjectConfigurationPlatforms) = postSolution
		{287359C2-40FE-497B-BBFA-E1F56952BBE6}.Debug|Any CPU.ActiveCfg = Debug|Any CPU
		{287359C2-40FE-497B-BBFA-E1F56952BBE6}.Debug|Any CPU.Build.0 = Debug|Any CPU
		{287359C2-40FE-497B-BBFA-E1F56952BBE6}.Release|Any CPU.ActiveCfg = Release|Any CPU
		{287359C2-40FE-497B-BBFA-E1F56952BBE6}.Release|Any CPU.Build.0 = Release|Any CPU
		{95DC783A-BAD7-4907-9FA0-5DA62F385FC6}.Debug|Any CPU.ActiveCfg = Debug|Any CPU
		{95DC783A-BAD7-4907-9FA0-5DA62F385FC6}.Debug|Any CPU.Build.0 = Debug|Any CPU
		{95DC783A-BAD7-4907-9FA0-5DA62F385FC6}.Release|Any CPU.ActiveCfg = Release|Any CPU
		{95DC783A-BAD7-4907-9FA0-5DA62F385FC6}.Release|Any CPU.Build.0 = Release|Any CPU
		{A628FDA7-04C6-4676-A431-6275BFE46CC0}.Debug|Any CPU.ActiveCfg = Debug|Any CPU
		{A628FDA7-04C6-4676-A431-6275BFE46CC0}.Debug|Any CPU.Build.0 = Debug|Any CPU
		{A628FDA7-04C6-4676-A431-6275BFE46CC0}.Release|Any CPU.ActiveCfg = Release|Any CPU
		{A628FDA7-04C6-4676-A431-6275BFE46CC0}.Release|Any CPU.Build.0 = Release|Any CPU
		{AD14E2AB-4FF3-43D6-BD40-D16C8166B098}.Debug|Any CPU.ActiveCfg = Debug|Any CPU
		{AD14E2AB-4FF3-43D6-BD40-D16C8166B098}.Debug|Any CPU.Build.0 = Debug|Any CPU
		{AD14E2AB-4FF3-43D6-BD40-D16C8166B098}.Release|Any CPU.ActiveCfg = Release|Any CPU
		{AD14E2AB-4FF3-43D6-BD40-D16C8166B098}.Release|Any CPU.Build.0 = Release|Any CPU
		{1082B9E9-C806-4997-BB0D-D0977B545199}.Debug|Any CPU.ActiveCfg = Debug|Any CPU
		{1082B9E9-C806-4997-BB0D-D0977B545199}.Debug|Any CPU.Build.0 = Debug|Any CPU
		{1082B9E9-C806-4997-BB0D-D0977B545199}.Release|Any CPU.ActiveCfg = Release|Any CPU
		{1082B9E9-C806-4997-BB0D-D0977B545199}.Release|Any CPU.Build.0 = Release|Any CPU
		{6FB074FD-D429-4A91-9EE2-37D810E0ACFA}.Debug|Any CPU.ActiveCfg = Debug|Any CPU
		{6FB074FD-D429-4A91-9EE2-37D810E0ACFA}.Debug|Any CPU.Build.0 = Debug|Any CPU
		{6FB074FD-D429-4A91-9EE2-37D810E0ACFA}.Release|Any CPU.ActiveCfg = Release|Any CPU
		{6FB074FD-D429-4A91-9EE2-37D810E0ACFA}.Release|Any CPU.Build.0 = Release|Any CPU
		{FF22E4E4-96DA-4E60-9B15-173FF1010116}.Debug|Any CPU.ActiveCfg = Debug|Any CPU
		{FF22E4E4-96DA-4E60-9B15-173FF1010116}.Debug|Any CPU.Build.0 = Debug|Any CPU
		{FF22E4E4-96DA-4E60-9B15-173FF1010116}.Release|Any CPU.ActiveCfg = Release|Any CPU
		{FF22E4E4-96DA-4E60-9B15-173FF1010116}.Release|Any CPU.Build.0 = Release|Any CPU
		{B87198A8-A806-40FC-BA6E-239E3543D26A}.Debug|Any CPU.ActiveCfg = Debug|Any CPU
		{B87198A8-A806-40FC-BA6E-239E3543D26A}.Debug|Any CPU.Build.0 = Debug|Any CPU
		{B87198A8-A806-40FC-BA6E-239E3543D26A}.Release|Any CPU.ActiveCfg = Release|Any CPU
		{B87198A8-A806-40FC-BA6E-239E3543D26A}.Release|Any CPU.Build.0 = Release|Any CPU
		{F1C2C358-27AF-4944-B30E-688321F8367E}.Debug|Any CPU.ActiveCfg = Debug|Any CPU
		{F1C2C358-27AF-4944-B30E-688321F8367E}.Debug|Any CPU.Build.0 = Debug|Any CPU
		{F1C2C358-27AF-4944-B30E-688321F8367E}.Release|Any CPU.ActiveCfg = Release|Any CPU
		{F1C2C358-27AF-4944-B30E-688321F8367E}.Release|Any CPU.Build.0 = Release|Any CPU
		{5CD9628E-8813-4B9D-8522-AFCA0ECF0204}.Debug|Any CPU.ActiveCfg = Debug|Any CPU
		{5CD9628E-8813-4B9D-8522-AFCA0ECF0204}.Debug|Any CPU.Build.0 = Debug|Any CPU
		{5CD9628E-8813-4B9D-8522-AFCA0ECF0204}.Release|Any CPU.ActiveCfg = Release|Any CPU
		{5CD9628E-8813-4B9D-8522-AFCA0ECF0204}.Release|Any CPU.Build.0 = Release|Any CPU
	EndGlobalSection
	GlobalSection(SolutionProperties) = preSolution
		HideSolutionNode = FALSE
	EndGlobalSection
	GlobalSection(NestedProjects) = preSolution
		{95DC783A-BAD7-4907-9FA0-5DA62F385FC6} = {4793F87C-1071-41CB-9DDA-FA363856A05F}
		{A628FDA7-04C6-4676-A431-6275BFE46CC0} = {4793F87C-1071-41CB-9DDA-FA363856A05F}
		{1082B9E9-C806-4997-BB0D-D0977B545199} = {4793F87C-1071-41CB-9DDA-FA363856A05F}
		{6FB074FD-D429-4A91-9EE2-37D810E0ACFA} = {8B541731-6260-475B-A4B7-B97A67D1E46E}
		{FF22E4E4-96DA-4E60-9B15-173FF1010116} = {8B541731-6260-475B-A4B7-B97A67D1E46E}
		{B87198A8-A806-40FC-BA6E-239E3543D26A} = {8B541731-6260-475B-A4B7-B97A67D1E46E}
		{F1C2C358-27AF-4944-B30E-688321F8367E} = {167A6F16-E019-4FD9-B9B8-AA2F07460757}
		{5CD9628E-8813-4B9D-8522-AFCA0ECF0204} = {167A6F16-E019-4FD9-B9B8-AA2F07460757}
	EndGlobalSection
	GlobalSection(ExtensibilityGlobals) = postSolution
		SolutionGuid = {9064C11C-9EB1-49F2-868D-733D208D6719}
	EndGlobalSection
EndGlobal
